<Solution>
  <Configurations>
    <Platform Name="Any CPU" />
    <Platform Name="x64" />
    <Platform Name="x86" />
  </Configurations>
  <Folder Name="/benchmarks/">
    <Project Path="benchmarks/DavidGroup.Content.AntiProfanity.Benchmarks/DavidGroup.Content.AntiProfanity.Benchmarks.csproj" />
  </Folder>
  <Folder Name="/samples/">
    <Project Path="samples/DavidGroup.Content.AntiProfanity.Samples.WebApi/DavidGroup.Content.AntiProfanity.Samples.WebApi.csproj" />
  </Folder>
  <Folder Name="/Solution Items/">
    <File Path="Directory.Build.props" />
    <File Path="Directory.Version.props" />
    <File Path="global.json" />
    <File Path="NuGet.Config" />
  </Folder>
  <Folder Name="/src/">
    <Project Path="src/DavidGroup.Content.AntiProfanity/DavidGroup.Content.AntiProfanity.csproj" />
  </Folder>
  <Folder Name="/tests/">
    <Project Path="tests/DavidGroup.Content.AntiProfanity.Tests/DavidGroup.Content.AntiProfanity.Tests.csproj" />
  </Folder>
  <Folder Name="/tools/">
    <Project Path="tools/DavidGroup.Content.AntiProfanity.Tools.DataSetGenerator/DavidGroup.Content.AntiProfanity.Tools.DataSetGenerator.csproj" />
  </Folder>
</Solution>
